
Microsoft Visual Studio Solution File, Format Version 12.00
# Visual Studio Version 17
VisualStudioVersion = 17.10.35027.167
MinimumVisualStudioVersion = 10.0.40219.1
Project("{FAE04EC0-301F-11D3-BF4B-00C04F79EFBC}") = "AdventOfCodeDay3", "AdventOfCodeDay3\AdventOfCodeDay3.csproj", "{872B8A8E-3173-43FA-B22C-FB6646B84C84}"
EndProject
Global
	GlobalSection(SolutionConfigurationPlatforms) = preSolution
		Debug|Any CPU = Debug|Any CPU
		Release|Any CPU = Release|Any CPU
	EndGlobalSection
	GlobalSection(ProjectConfigurationPlatforms) = postSolution
		{872B8A8E-3173-43FA-B22C-FB6646B84C84}.Debug|Any CPU.ActiveCfg = Debug|Any CPU
		{872B8A8E-3173-43FA-B22C-FB6646B84C84}.Debug|Any CPU.Build.0 = Debug|Any CPU
		{872B8A8E-3173-43FA-B22C-FB6646B84C84}.Release|Any CPU.ActiveCfg = Release|Any CPU
		{872B8A8E-3173-43FA-B22C-FB6646B84C84}.Release|Any CPU.Build.0 = Release|Any CPU
	EndGlobalSection
	GlobalSection(SolutionProperties) = preSolution
		HideSolutionNode = FALSE
	EndGlobalSection
	GlobalSection(ExtensibilityGlobals) = postSolution
		SolutionGuid = {E25EEFD5-5018-45AD-8BFC-58507F58C5FE}
	EndGlobalSection
EndGlobal
